
Microsoft Visual Studio Solution File, Format Version 12.00
Project("{FAE04EC0-301F-11D3-BF4B-00C04F79EFBC}") = "HandRoyal", "src\HandRoyal\HandRoyal.csproj", "{4E138EA4-3674-45B9-936A-753542AD4E87}"
EndProject
Project("{FAE04EC0-301F-11D3-BF4B-00C04F79EFBC}") = "HandRoyal.Node", "src\HandRoyal.Node\HandRoyal.Node.csproj", "{40FC9D31-2716-4DEF-8A9E-2B31424722E1}"
EndProject
Project("{FAE04EC0-301F-11D3-BF4B-00C04F79EFBC}") = "HandRoyal.Tests", "test\HandRoyal.Tests\HandRoyal.Tests.csproj", "{CDAD3E17-AA76-4239-8A95-96CFD23720FA}"
EndProject
Project("{2150E333-8FDC-42A3-9474-1A3956D46DE8}") = "src", "src", "{FCD8BD0E-93EA-43C8-BE5B-E91A8D606627}"
EndProject
Project("{FAE04EC0-301F-11D3-BF4B-00C04F79EFBC}") = "HandRoyal.Explorer", "src\HandRoyal.Explorer\HandRoyal.Explorer.csproj", "{FCD84238-CAB0-4C81-82C9-3D7ACA8F11A2}"
EndProject
Project("{2150E333-8FDC-42A3-9474-1A3956D46DE8}") = "test", "test", "{C0B63ED2-F6D7-47F2-A6E3-012C088F54DD}"
EndProject
Project("{FAE04EC0-301F-11D3-BF4B-00C04F79EFBC}") = "HandRoyal.Bot", "src\HandRoyal.Bot\HandRoyal.Bot.csproj", "{050BECAD-EBC6-4EED-A670-9CB9F9F8C1E5}"
EndProject
Project("{FAE04EC0-301F-11D3-BF4B-00C04F79EFBC}") = "HandRoyal.Pages", "src\HandRoyal.Pages\HandRoyal.Pages.csproj", "{159CD5EA-39EA-4751-92F2-AD97E9C19B8C}"
EndProject
Project("{FAE04EC0-301F-11D3-BF4B-00C04F79EFBC}") = "HandRoyal.Bot.Pages", "src\HandRoyal.Bot.Pages\HandRoyal.Bot.Pages.csproj", "{686BABA8-3FC8-4998-BF51-2B04F9435FA8}"
EndProject
Global
	GlobalSection(SolutionConfigurationPlatforms) = preSolution
		Debug|Any CPU = Debug|Any CPU
		Debug|x64 = Debug|x64
		Debug|x86 = Debug|x86
		Release|Any CPU = Release|Any CPU
		Release|x64 = Release|x64
		Release|x86 = Release|x86
	EndGlobalSection
	GlobalSection(ProjectConfigurationPlatforms) = postSolution
		{4E138EA4-3674-45B9-936A-753542AD4E87}.Debug|Any CPU.ActiveCfg = Debug|Any CPU
		{4E138EA4-3674-45B9-936A-753542AD4E87}.Debug|Any CPU.Build.0 = Debug|Any CPU
		{4E138EA4-3674-45B9-936A-753542AD4E87}.Debug|x64.ActiveCfg = Debug|Any CPU
		{4E138EA4-3674-45B9-936A-753542AD4E87}.Debug|x64.Build.0 = Debug|Any CPU
		{4E138EA4-3674-45B9-936A-753542AD4E87}.Debug|x86.ActiveCfg = Debug|Any CPU
		{4E138EA4-3674-45B9-936A-753542AD4E87}.Debug|x86.Build.0 = Debug|Any CPU
		{4E138EA4-3674-45B9-936A-753542AD4E87}.Release|Any CPU.ActiveCfg = Release|Any CPU
		{4E138EA4-3674-45B9-936A-753542AD4E87}.Release|Any CPU.Build.0 = Release|Any CPU
		{4E138EA4-3674-45B9-936A-753542AD4E87}.Release|x64.ActiveCfg = Release|Any CPU
		{4E138EA4-3674-45B9-936A-753542AD4E87}.Release|x64.Build.0 = Release|Any CPU
		{4E138EA4-3674-45B9-936A-753542AD4E87}.Release|x86.ActiveCfg = Release|Any CPU
		{4E138EA4-3674-45B9-936A-753542AD4E87}.Release|x86.Build.0 = Release|Any CPU
		{40FC9D31-2716-4DEF-8A9E-2B31424722E1}.Debug|Any CPU.ActiveCfg = Debug|Any CPU
		{40FC9D31-2716-4DEF-8A9E-2B31424722E1}.Debug|Any CPU.Build.0 = Debug|Any CPU
		{40FC9D31-2716-4DEF-8A9E-2B31424722E1}.Debug|x64.ActiveCfg = Debug|Any CPU
		{40FC9D31-2716-4DEF-8A9E-2B31424722E1}.Debug|x64.Build.0 = Debug|Any CPU
		{40FC9D31-2716-4DEF-8A9E-2B31424722E1}.Debug|x86.ActiveCfg = Debug|Any CPU
		{40FC9D31-2716-4DEF-8A9E-2B31424722E1}.Debug|x86.Build.0 = Debug|Any CPU
		{40FC9D31-2716-4DEF-8A9E-2B31424722E1}.Release|Any CPU.ActiveCfg = Release|Any CPU
		{40FC9D31-2716-4DEF-8A9E-2B31424722E1}.Release|Any CPU.Build.0 = Release|Any CPU
		{40FC9D31-2716-4DEF-8A9E-2B31424722E1}.Release|x64.ActiveCfg = Release|Any CPU
		{40FC9D31-2716-4DEF-8A9E-2B31424722E1}.Release|x64.Build.0 = Release|Any CPU
		{40FC9D31-2716-4DEF-8A9E-2B31424722E1}.Release|x86.ActiveCfg = Release|Any CPU
		{40FC9D31-2716-4DEF-8A9E-2B31424722E1}.Release|x86.Build.0 = Release|Any CPU
		{CDAD3E17-AA76-4239-8A95-96CFD23720FA}.Debug|Any CPU.ActiveCfg = Debug|Any CPU
		{CDAD3E17-AA76-4239-8A95-96CFD23720FA}.Debug|Any CPU.Build.0 = Debug|Any CPU
		{CDAD3E17-AA76-4239-8A95-96CFD23720FA}.Debug|x64.ActiveCfg = Debug|Any CPU
		{CDAD3E17-AA76-4239-8A95-96CFD23720FA}.Debug|x64.Build.0 = Debug|Any CPU
		{CDAD3E17-AA76-4239-8A95-96CFD23720FA}.Debug|x86.ActiveCfg = Debug|Any CPU
		{CDAD3E17-AA76-4239-8A95-96CFD23720FA}.Debug|x86.Build.0 = Debug|Any CPU
		{CDAD3E17-AA76-4239-8A95-96CFD23720FA}.Release|Any CPU.ActiveCfg = Release|Any CPU
		{CDAD3E17-AA76-4239-8A95-96CFD23720FA}.Release|Any CPU.Build.0 = Release|Any CPU
		{CDAD3E17-AA76-4239-8A95-96CFD23720FA}.Release|x64.ActiveCfg = Release|Any CPU
		{CDAD3E17-AA76-4239-8A95-96CFD23720FA}.Release|x64.Build.0 = Release|Any CPU
		{CDAD3E17-AA76-4239-8A95-96CFD23720FA}.Release|x86.ActiveCfg = Release|Any CPU
		{CDAD3E17-AA76-4239-8A95-96CFD23720FA}.Release|x86.Build.0 = Release|Any CPU
		{FCD84238-CAB0-4C81-82C9-3D7ACA8F11A2}.Debug|Any CPU.ActiveCfg = Debug|Any CPU
		{FCD84238-CAB0-4C81-82C9-3D7ACA8F11A2}.Debug|Any CPU.Build.0 = Debug|Any CPU
		{FCD84238-CAB0-4C81-82C9-3D7ACA8F11A2}.Debug|x64.ActiveCfg = Debug|Any CPU
		{FCD84238-CAB0-4C81-82C9-3D7ACA8F11A2}.Debug|x64.Build.0 = Debug|Any CPU
		{FCD84238-CAB0-4C81-82C9-3D7ACA8F11A2}.Debug|x86.ActiveCfg = Debug|Any CPU
		{FCD84238-CAB0-4C81-82C9-3D7ACA8F11A2}.Debug|x86.Build.0 = Debug|Any CPU
		{FCD84238-CAB0-4C81-82C9-3D7ACA8F11A2}.Release|Any CPU.ActiveCfg = Release|Any CPU
		{FCD84238-CAB0-4C81-82C9-3D7ACA8F11A2}.Release|Any CPU.Build.0 = Release|Any CPU
		{FCD84238-CAB0-4C81-82C9-3D7ACA8F11A2}.Release|x64.ActiveCfg = Release|Any CPU
		{FCD84238-CAB0-4C81-82C9-3D7ACA8F11A2}.Release|x64.Build.0 = Release|Any CPU
		{FCD84238-CAB0-4C81-82C9-3D7ACA8F11A2}.Release|x86.ActiveCfg = Release|Any CPU
		{FCD84238-CAB0-4C81-82C9-3D7ACA8F11A2}.Release|x86.Build.0 = Release|Any CPU
		{050BECAD-EBC6-4EED-A670-9CB9F9F8C1E5}.Debug|Any CPU.ActiveCfg = Debug|Any CPU
		{050BECAD-EBC6-4EED-A670-9CB9F9F8C1E5}.Debug|Any CPU.Build.0 = Debug|Any CPU
		{050BECAD-EBC6-4EED-A670-9CB9F9F8C1E5}.Debug|x64.ActiveCfg = Debug|Any CPU
		{050BECAD-EBC6-4EED-A670-9CB9F9F8C1E5}.Debug|x64.Build.0 = Debug|Any CPU
		{050BECAD-EBC6-4EED-A670-9CB9F9F8C1E5}.Debug|x86.ActiveCfg = Debug|Any CPU
		{050BECAD-EBC6-4EED-A670-9CB9F9F8C1E5}.Debug|x86.Build.0 = Debug|Any CPU
		{050BECAD-EBC6-4EED-A670-9CB9F9F8C1E5}.Release|Any CPU.ActiveCfg = Release|Any CPU
		{050BECAD-EBC6-4EED-A670-9CB9F9F8C1E5}.Release|Any CPU.Build.0 = Release|Any CPU
		{050BECAD-EBC6-4EED-A670-9CB9F9F8C1E5}.Release|x64.ActiveCfg = Release|Any CPU
		{050BECAD-EBC6-4EED-A670-9CB9F9F8C1E5}.Release|x64.Build.0 = Release|Any CPU
		{050BECAD-EBC6-4EED-A670-9CB9F9F8C1E5}.Release|x86.ActiveCfg = Release|Any CPU
		{050BECAD-EBC6-4EED-A670-9CB9F9F8C1E5}.Release|x86.Build.0 = Release|Any CPU
		{159CD5EA-39EA-4751-92F2-AD97E9C19B8C}.Debug|Any CPU.ActiveCfg = Debug|Any CPU
		{159CD5EA-39EA-4751-92F2-AD97E9C19B8C}.Debug|Any CPU.Build.0 = Debug|Any CPU
		{159CD5EA-39EA-4751-92F2-AD97E9C19B8C}.Debug|x64.ActiveCfg = Debug|Any CPU
		{159CD5EA-39EA-4751-92F2-AD97E9C19B8C}.Debug|x64.Build.0 = Debug|Any CPU
		{159CD5EA-39EA-4751-92F2-AD97E9C19B8C}.Debug|x86.ActiveCfg = Debug|Any CPU
		{159CD5EA-39EA-4751-92F2-AD97E9C19B8C}.Debug|x86.Build.0 = Debug|Any CPU
		{159CD5EA-39EA-4751-92F2-AD97E9C19B8C}.Release|Any CPU.ActiveCfg = Release|Any CPU
		{159CD5EA-39EA-4751-92F2-AD97E9C19B8C}.Release|Any CPU.Build.0 = Release|Any CPU
		{159CD5EA-39EA-4751-92F2-AD97E9C19B8C}.Release|x64.ActiveCfg = Release|Any CPU
		{159CD5EA-39EA-4751-92F2-AD97E9C19B8C}.Release|x64.Build.0 = Release|Any CPU
		{159CD5EA-39EA-4751-92F2-AD97E9C19B8C}.Release|x86.ActiveCfg = Release|Any CPU
		{159CD5EA-39EA-4751-92F2-AD97E9C19B8C}.Release|x86.Build.0 = Release|Any CPU
		{686BABA8-3FC8-4998-BF51-2B04F9435FA8}.Debug|Any CPU.ActiveCfg = Debug|Any CPU
		{686BABA8-3FC8-4998-BF51-2B04F9435FA8}.Debug|Any CPU.Build.0 = Debug|Any CPU
		{686BABA8-3FC8-4998-BF51-2B04F9435FA8}.Debug|x64.ActiveCfg = Debug|Any CPU
		{686BABA8-3FC8-4998-BF51-2B04F9435FA8}.Debug|x64.Build.0 = Debug|Any CPU
		{686BABA8-3FC8-4998-BF51-2B04F9435FA8}.Debug|x86.ActiveCfg = Debug|Any CPU
		{686BABA8-3FC8-4998-BF51-2B04F9435FA8}.Debug|x86.Build.0 = Debug|Any CPU
		{686BABA8-3FC8-4998-BF51-2B04F9435FA8}.Release|Any CPU.ActiveCfg = Release|Any CPU
		{686BABA8-3FC8-4998-BF51-2B04F9435FA8}.Release|Any CPU.Build.0 = Release|Any CPU
		{686BABA8-3FC8-4998-BF51-2B04F9435FA8}.Release|x64.ActiveCfg = Release|Any CPU
		{686BABA8-3FC8-4998-BF51-2B04F9435FA8}.Release|x64.Build.0 = Release|Any CPU
		{686BABA8-3FC8-4998-BF51-2B04F9435FA8}.Release|x86.ActiveCfg = Release|Any CPU
		{686BABA8-3FC8-4998-BF51-2B04F9435FA8}.Release|x86.Build.0 = Release|Any CPU
	EndGlobalSection
	GlobalSection(SolutionProperties) = preSolution
		HideSolutionNode = FALSE
	EndGlobalSection
	GlobalSection(NestedProjects) = preSolution
		{4E138EA4-3674-45B9-936A-753542AD4E87} = {FCD8BD0E-93EA-43C8-BE5B-E91A8D606627}
		{40FC9D31-2716-4DEF-8A9E-2B31424722E1} = {FCD8BD0E-93EA-43C8-BE5B-E91A8D606627}
		{CDAD3E17-AA76-4239-8A95-96CFD23720FA} = {C0B63ED2-F6D7-47F2-A6E3-012C088F54DD}
		{FCD84238-CAB0-4C81-82C9-3D7ACA8F11A2} = {FCD8BD0E-93EA-43C8-BE5B-E91A8D606627}
		{050BECAD-EBC6-4EED-A670-9CB9F9F8C1E5} = {FCD8BD0E-93EA-43C8-BE5B-E91A8D606627}
		{159CD5EA-39EA-4751-92F2-AD97E9C19B8C} = {FCD8BD0E-93EA-43C8-BE5B-E91A8D606627}
		{686BABA8-3FC8-4998-BF51-2B04F9435FA8} = {FCD8BD0E-93EA-43C8-BE5B-E91A8D606627}
	EndGlobalSection
EndGlobal
